// !$*UTF8*$!
{
	archiveVersion = 1;
	classes = {
	};
	objectVersion = 50;
	objects = {

/* Begin PBXBuildFile section */
		2DCBB2EF225E1375009EA4E3 /* AppDelegate.swift in Sources */ = {isa = PBXBuildFile; fileRef = 2DCBB2EE225E1375009EA4E3 /* AppDelegate.swift */; };
		2DCBB2F3225E1375009EA4E3 /* Actions.sks in Resources */ = {isa = PBXBuildFile; fileRef = 2DCBB2F2225E1375009EA4E3 /* Actions.sks */; };
		2DCBB2F5225E1375009EA4E3 /* GameScene.swift in Sources */ = {isa = PBXBuildFile; fileRef = 2DCBB2F4225E1375009EA4E3 /* GameScene.swift */; };
		2DCBB2F7225E1375009EA4E3 /* GameViewController.swift in Sources */ = {isa = PBXBuildFile; fileRef = 2DCBB2F6225E1375009EA4E3 /* GameViewController.swift */; };
		2DCBB2FA225E1375009EA4E3 /* Main.storyboard in Resources */ = {isa = PBXBuildFile; fileRef = 2DCBB2F8225E1375009EA4E3 /* Main.storyboard */; };
		2DCBB2FC225E1377009EA4E3 /* Assets.xcassets in Resources */ = {isa = PBXBuildFile; fileRef = 2DCBB2FB225E1377009EA4E3 /* Assets.xcassets */; };
		2DCBB2FF225E1377009EA4E3 /* LaunchScreen.storyboard in Resources */ = {isa = PBXBuildFile; fileRef = 2DCBB2FD225E1377009EA4E3 /* LaunchScreen.storyboard */; };
		2DCBB307225E15AE009EA4E3 /* Background.sks in Resources */ = {isa = PBXBuildFile; fileRef = 2DCBB306225E15AE009EA4E3 /* Background.sks */; };
		2DCBB309225E1880009EA4E3 /* GameScene.sks in Resources */ = {isa = PBXBuildFile; fileRef = 2DCBB308225E1880009EA4E3 /* GameScene.sks */; };
/* End PBXBuildFile section */

/* Begin PBXFileReference section */
		2DCBB2EB225E1375009EA4E3 /* FinalExam.app */ = {isa = PBXFileReference; explicitFileType = wrapper.application; includeInIndex = 0; path = FinalExam.app; sourceTree = BUILT_PRODUCTS_DIR; };
		2DCBB2EE225E1375009EA4E3 /* AppDelegate.swift */ = {isa = PBXFileReference; lastKnownFileType = sourcecode.swift; path = AppDelegate.swift; sourceTree = "<group>"; };
		2DCBB2F2225E1375009EA4E3 /* Actions.sks */ = {isa = PBXFileReference; lastKnownFileType = file.sks; path = Actions.sks; sourceTree = "<group>"; };
		2DCBB2F4225E1375009EA4E3 /* GameScene.swift */ = {isa = PBXFileReference; lastKnownFileType = sourcecode.swift; path = GameScene.swift; sourceTree = "<group>"; };
		2DCBB2F6225E1375009EA4E3 /* GameViewController.swift */ = {isa = PBXFileReference; lastKnownFileType = sourcecode.swift; path = GameViewController.swift; sourceTree = "<group>"; };
		2DCBB2F9225E1375009EA4E3 /* Base */ = {isa = PBXFileReference; lastKnownFileType = file.storyboard; name = Base; path = Base.lproj/Main.storyboard; sourceTree = "<group>"; };
		2DCBB2FB225E1377009EA4E3 /* Assets.xcassets */ = {isa = PBXFileReference; lastKnownFileType = folder.assetcatalog; path = Assets.xcassets; sourceTree = "<group>"; };
		2DCBB2FE225E1377009EA4E3 /* Base */ = {isa = PBXFileReference; lastKnownFileType = file.storyboard; name = Base; path = Base.lproj/LaunchScreen.storyboard; sourceTree = "<group>"; };
		2DCBB300225E1377009EA4E3 /* Info.plist */ = {isa = PBXFileReference; lastKnownFileType = text.plist.xml; path = Info.plist; sourceTree = "<group>"; };
		2DCBB306225E15AE009EA4E3 /* Background.sks */ = {isa = PBXFileReference; lastKnownFileType = file.sks; path = Background.sks; sourceTree = "<group>"; };
		2DCBB308225E1880009EA4E3 /* GameScene.sks */ = {isa = PBXFileReference; lastKnownFileType = file.sks; path = GameScene.sks; sourceTree = "<group>"; };
/* End PBXFileReference section */

/* Begin PBXFrameworksBuildPhase section */
		2DCBB2E8225E1375009EA4E3 /* Frameworks */ = {
			isa = PBXFrameworksBuildPhase;
			buildActionMask = 2147483647;
			files = (
			);
			runOnlyForDeploymentPostprocessing = 0;
		};
/* End PBXFrameworksBuildPhase section */

/* Begin PBXGroup section */
		2DCBB2E2225E1375009EA4E3 = {
			isa = PBXGroup;
			children = (
				2DCBB2ED225E1375009EA4E3 /* FinalExam */,
				2DCBB2EC225E1375009EA4E3 /* Products */,
			);
			sourceTree = "<group>";
		};
		2DCBB2EC225E1375009EA4E3 /* Products */ = {
			isa = PBXGroup;
			children = (
				2DCBB2EB225E1375009EA4E3 /* FinalExam.app */,
			);
			name = Products;
			sourceTree = "<group>";
		};
		2DCBB2ED225E1375009EA4E3 /* FinalExam */ = {
			isa = PBXGroup;
			children = (
				2DCBB2EE225E1375009EA4E3 /* AppDelegate.swift */,
				2DCBB2F2225E1375009EA4E3 /* Actions.sks */,
				2DCBB308225E1880009EA4E3 /* GameScene.sks */,
				2DCBB2F4225E1375009EA4E3 /* GameScene.swift */,
				2DCBB306225E15AE009EA4E3 /* Background.sks */,
				2DCBB2F6225E1375009EA4E3 /* GameViewController.swift */,
				2DCBB2F8225E1375009EA4E3 /* Main.storyboard */,
				2DCBB2FB225E1377009EA4E3 /* Assets.xcassets */,
				2DCBB2FD225E1377009EA4E3 /* LaunchScreen.storyboard */,
				2DCBB300225E1377009EA4E3 /* Info.plist */,
			);
			path = FinalExam;
			sourceTree = "<group>";
		};
/* End PBXGroup section */

/* Begin PBXNativeTarget section */
		2DCBB2EA225E1375009EA4E3 /* FinalExam */ = {
			isa = PBXNativeTarget;
			buildConfigurationList = 2DCBB303225E1377009EA4E3 /* Build configuration list for PBXNativeTarget "FinalExam" */;
			buildPhases = (
				2DCBB2E7225E1375009EA4E3 /* Sources */,
				2DCBB2E8225E1375009EA4E3 /* Frameworks */,
				2DCBB2E9225E1375009EA4E3 /* Resources */,
			);
			buildRules = (
			);
			dependencies = (
			);
			name = FinalExam;
			productName = FinalExam;
			productReference = 2DCBB2EB225E1375009EA4E3 /* FinalExam.app */;
			productType = "com.apple.product-type.application";
		};
/* End PBXNativeTarget section */

/* Begin PBXProject section */
		2DCBB2E3225E1375009EA4E3 /* Project object */ = {
			isa = PBXProject;
			attributes = {
				LastSwiftUpdateCheck = 1020;
				LastUpgradeCheck = 1020;
				ORGANIZATIONNAME = "Volodymyr Klymenko";
				TargetAttributes = {
					2DCBB2EA225E1375009EA4E3 = {
						CreatedOnToolsVersion = 10.2;
					};
				};
			};
			buildConfigurationList = 2DCBB2E6225E1375009EA4E3 /* Build configuration list for PBXProject "FinalExam" */;
			compatibilityVersion = "Xcode 9.3";
			developmentRegion = en;
			hasScannedForEncodings = 0;
			knownRegions = (
				en,
				Base,
			);
			mainGroup = 2DCBB2E2225E1375009EA4E3;
			productRefGroup = 2DCBB2EC225E1375009EA4E3 /* Products */;
			projectDirPath = "";
			projectRoot = "";
			targets = (
				2DCBB2EA225E1375009EA4E3 /* FinalExam */,
			);
		};
/* End PBXProject section */

/* Begin PBXResourcesBuildPhase section */
		2DCBB2E9225E1375009EA4E3 /* Resources */ = {
			isa = PBXResourcesBuildPhase;
			buildActionMask = 2147483647;
			files = (
				2DCBB2FA225E1375009EA4E3 /* Main.storyboard in Resources */,
				2DCBB2FC225E1377009EA4E3 /* Assets.xcassets in Resources */,
				2DCBB307225E15AE009EA4E3 /* Background.sks in Resources */,
				2DCBB2FF225E1377009EA4E3 /* LaunchScreen.storyboard in Resources */,
				2DCBB309225E1880009EA4E3 /* GameScene.sks in Resources */,
				2DCBB2F3225E1375009EA4E3 /* Actions.sks in Resources */,
			);
			runOnlyForDeploymentPostprocessing = 0;
		};
/* End PBXResourcesBuildPhase section */

/* Begin PBXSourcesBuildPhase section */
		2DCBB2E7225E1375009EA4E3 /* Sources */ = {
			isa = PBXSourcesBuildPhase;
			buildActionMask = 2147483647;
			files = (
				2DCBB2F5225E1375009EA4E3 /* GameScene.swift in Sources */,
				2DCBB2F7225E1375009EA4E3 /* GameViewController.swift in Sources */,
				2DCBB2EF225E1375009EA4E3 /* AppDelegate.swift in Sources */,
			);
			runOnlyForDeploymentPostprocessing = 0;
		};
/* End PBXSourcesBuildPhase section */

/* Begin PBXVariantGroup section */
		2DCBB2F8225E1375009EA4E3 /* Main.storyboard */ = {
			isa = PBXVariantGroup;
			children = (
				2DCBB2F9225E1375009EA4E3 /* Base */,
			);
			name = Main.storyboard;
			sourceTree = "<group>";
		};
		2DCBB2FD225E1377009EA4E3 /* LaunchScreen.storyboard */ = {
			isa = PBXVariantGroup;
			children = (
				2DCBB2FE225E1377009EA4E3 /* Base */,
			);
			name = LaunchScreen.storyboard;
			sourceTree = "<group>";
		};
/* End PBXVariantGroup section */

/* Begin XCBuildConfiguration section */
		2DCBB301225E1377009EA4E3 /* Debug */ = {
			isa = XCBuildConfiguration;
			buildSettings = {
				ALWAYS_SEARCH_USER_PATHS = NO;
				CLANG_ANALYZER_NONNULL = YES;
				CLANG_ANALYZER_NUMBER_OBJECT_CONVERSION = YES_AGGRESSIVE;
				CLANG_CXX_LANGUAGE_STANDARD = "gnu++14";
				CLANG_CXX_LIBRARY = "libc++";
				CLANG_ENABLE_MODULES = YES;
				CLANG_ENABLE_OBJC_ARC = YES;
				CLANG_ENABLE_OBJC_WEAK = YES;
				CLANG_WARN_BLOCK_CAPTURE_AUTORELEASING = YES;
				CLANG_WARN_BOOL_CONVERSION = YES;
				CLANG_WARN_COMMA = YES;
				CLANG_WARN_CONSTANT_CONVERSION = YES;
				CLANG_WARN_DEPRECATED_OBJC_IMPLEMENTATIONS = YES;
				CLANG_WARN_DIRECT_OBJC_ISA_USAGE = YES_ERROR;
				CLANG_WARN_DOCUMENTATION_COMMENTS = YES;
				CLANG_WARN_EMPTY_BODY = YES;
				CLANG_WARN_ENUM_CONVERSION = YES;
				CLANG_WARN_INFINITE_RECURSION = YES;
				CLANG_WARN_INT_CONVERSION = YES;
				CLANG_WARN_NON_LITERAL_NULL_CONVERSION = YES;
				CLANG_WARN_OBJC_IMPLICIT_RETAIN_SELF = YES;
				CLANG_WARN_OBJC_LITERAL_CONVERSION = YES;
				CLANG_WARN_OBJC_ROOT_CLASS = YES_ERROR;
				CLANG_WARN_RANGE_LOOP_ANALYSIS = YES;
				CLANG_WARN_STRICT_PROTOTYPES = YES;
				CLANG_WARN_SUSPICIOUS_MOVE = YES;
				CLANG_WARN_UNGUARDED_AVAILABILITY = YES_AGGRESSIVE;
				CLANG_WARN_UNREACHABLE_CODE = YES;
				CLANG_WARN__DUPLICATE_METHOD_MATCH = YES;
				CODE_SIGN_IDENTITY = "iPhone Developer";
				COPY_PHASE_STRIP = NO;
				DEBUG_INFORMATION_FORMAT = dwarf;
				ENABLE_STRICT_OBJC_MSGSEND = YES;
				ENABLE_TESTABILITY = YES;
				GCC_C_LANGUAGE_STANDARD = gnu11;
				GCC_DYNAMIC_NO_PIC = NO;
				GCC_NO_COMMON_BLOCKS = YES;
				GCC_OPTIMIZATION_LEVEL = 0;
				GCC_PREPROCESSOR_DEFINITIONS = (
					"DEBUG=1",
					"$(inherited)",
				);
				GCC_WARN_64_TO_32_BIT_CONVERSION = YES;
				GCC_WARN_ABOUT_RETURN_TYPE = YES_ERROR;
				GCC_WARN_UNDECLARED_SELECTOR = YES;
				GCC_WARN_UNINITIALIZED_AUTOS = YES_AGGRESSIVE;
				GCC_WARN_UNUSED_FUNCTION = YES;
				GCC_WARN_UNUSED_VARIABLE = YES;
				IPHONEOS_DEPLOYMENT_TARGET = 12.2;
				MTL_ENABLE_DEBUG_INFO = INCLUDE_SOURCE;
				MTL_FAST_MATH = YES;
				ONLY_ACTIVE_ARCH = YES;
				SDKROOT = iphoneos;
				SWIFT_ACTIVE_COMPILATION_CONDITIONS = DEBUG;
				SWIFT_OPTIMIZATION_LEVEL = "-Onone";
			};
			name = Debug;
		};
		2DCBB302225E1377009EA4E3 /* Release */ = {
			isa = XCBuildConfiguration;
			buildSettings = {
				ALWAYS_SEARCH_USER_PATHS = NO;
				CLANG_ANALYZER_NONNULL = YES;
				CLANG_ANALYZER_NUMBER_OBJECT_CONVERSION = YES_AGGRESSIVE;
				CLANG_CXX_LANGUAGE_STANDARD = "gnu++14";
				CLANG_CXX_LIBRARY = "libc++";
				CLANG_ENABLE_MODULES = YES;
				CLANG_ENABLE_OBJC_ARC = YES;
				CLANG_ENABLE_OBJC_WEAK = YES;
				CLANG_WARN_BLOCK_CAPTURE_AUTORELEASING = YES;
				CLANG_WARN_BOOL_CONVERSION = YES;
				CLANG_WARN_COMMA = YES;
				CLANG_WARN_CONSTANT_CONVERSION = YES;
				CLANG_WARN_DEPRECATED_OBJC_IMPLEMENTATIONS = YES;
				CLANG_WARN_DIRECT_OBJC_ISA_USAGE = YES_ERROR;
				CLANG_WARN_DOCUMENTATION_COMMENTS = YES;
				CLANG_WARN_EMPTY_BODY = YES;
				CLANG_WARN_ENUM_CONVERSION = YES;
				CLANG_WARN_INFINITE_RECURSION = YES;
				CLANG_WARN_INT_CONVERSION = YES;
				CLANG_WARN_NON_LITERAL_NULL_CONVERSION = YES;
				CLANG_WARN_OBJC_IMPLICIT_RETAIN_SELF = YES;
				CLANG_WARN_OBJC_LITERAL_CONVERSION = YES;
				CLANG_WARN_OBJC_ROOT_CLASS = YES_ERROR;
				CLANG_WARN_RANGE_LOOP_ANALYSIS = YES;
				CLANG_WARN_STRICT_PROTOTYPES = YES;
				CLANG_WARN_SUSPICIOUS_MOVE = YES;
				CLANG_WARN_UNGUARDED_AVAILABILITY = YES_AGGRESSIVE;
				CLANG_WARN_UNREACHABLE_CODE = YES;
				CLANG_WARN__DUPLICATE_METHOD_MATCH = YES;
				CODE_SIGN_IDENTITY = "iPhone Developer";
				COPY_PHASE_STRIP = NO;
				DEBUG_INFORMATION_FORMAT = "dwarf-with-dsym";
				ENABLE_NS_ASSERTIONS = NO;
				ENABLE_STRICT_OBJC_MSGSEND = YES;
				GCC_C_LANGUAGE_STANDARD = gnu11;
				GCC_NO_COMMON_BLOCKS = YES;
				GCC_WARN_64_TO_32_BIT_CONVERSION = YES;
				GCC_WARN_ABOUT_RETURN_TYPE = YES_ERROR;
				GCC_WARN_UNDECLARED_SELECTOR = YES;
				GCC_WARN_UNINITIALIZED_AUTOS = YES_AGGRESSIVE;
				GCC_WARN_UNUSED_FUNCTION = YES;
				GCC_WARN_UNUSED_VARIABLE = YES;
				IPHONEOS_DEPLOYMENT_TARGET = 12.2;
				MTL_ENABLE_DEBUG_INFO = NO;
				MTL_FAST_MATH = YES;
				SDKROOT = iphoneos;
				SWIFT_COMPILATION_MODE = wholemodule;
				SWIFT_OPTIMIZATION_LEVEL = "-O";
				VALIDATE_PRODUCT = YES;
			};
			name = Release;
		};
		2DCBB304225E1377009EA4E3 /* Debug */ = {
			isa = XCBuildConfiguration;
			buildSettings = {
				ASSETCATALOG_COMPILER_APPICON_NAME = AppIcon;
				CODE_SIGN_STYLE = Automatic;
				DEVELOPMENT_TEAM = J82C364K42;
				INFOPLIST_FILE = FinalExam/Info.plist;
				LD_RUNPATH_SEARCH_PATHS = (
					"$(inherited)",
					"@executable_path/Frameworks",
				);
				PRODUCT_BUNDLE_IDENTIFIER = com.volodymyrklymenko.FinalExam;
				PRODUCT_NAME = "$(TARGET_NAME)";
				SWIFT_VERSION = 5.0;
				TARGETED_DEVICE_FAMILY = "1,2";
			};
			name = Debug;
		};
		2DCBB305225E1377009EA4E3 /* Release */ = {
			isa = XCBuildConfiguration;
			buildSettings = {
				ASSETCATALOG_COMPILER_APPICON_NAME = AppIcon;
				CODE_SIGN_STYLE = Automatic;
				DEVELOPMENT_TEAM = J82C364K42;
				INFOPLIST_FILE = FinalExam/Info.plist;
				LD_RUNPATH_SEARCH_PATHS = (
					"$(inherited)",
					"@executable_path/Frameworks",
				);
				PRODUCT_BUNDLE_IDENTIFIER = com.volodymyrklymenko.FinalExam;
				PRODUCT_NAME = "$(TARGET_NAME)";
				SWIFT_VERSION = 5.0;
				TARGETED_DEVICE_FAMILY = "1,2";
			};
			name = Release;
		};
/* End XCBuildConfiguration section */

/* Begin XCConfigurationList section */
		2DCBB2E6225E1375009EA4E3 /* Build configuration list for PBXProject "FinalExam" */ = {
			isa = XCConfigurationList;
			buildConfigurations = (
				2DCBB301225E1377009EA4E3 /* Debug */,
				2DCBB302225E1377009EA4E3 /* Release */,
			);
			defaultConfigurationIsVisible = 0;
			defaultConfigurationName = Release;
		};
		2DCBB303225E1377009EA4E3 /* Build configuration list for PBXNativeTarget "FinalExam" */ = {
			isa = XCConfigurationList;
			buildConfigurations = (
				2DCBB304225E1377009EA4E3 /* Debug */,
				2DCBB305225E1377009EA4E3 /* Release */,
			);
			defaultConfigurationIsVisible = 0;
			defaultConfigurationName = Release;
		};
/* End XCConfigurationList section */
	};
	rootObject = 2DCBB2E3225E1375009EA4E3 /* Project object */;
}
