// !$*UTF8*$!
{
	archiveVersion = 1;
	classes = {
	};
	objectVersion = 50;
	objects = {

/* Begin PBXBuildFile section */
		2DEE9B3A224BA24800FD8534 /* AppDelegate.swift in Sources */ = {isa = PBXBuildFile; fileRef = 2DEE9B39224BA24800FD8534 /* AppDelegate.swift */; };
		2DEE9B3C224BA24800FD8534 /* ViewController.swift in Sources */ = {isa = PBXBuildFile; fileRef = 2DEE9B3B224BA24800FD8534 /* ViewController.swift */; };
		2DEE9B3F224BA24800FD8534 /* Main.storyboard in Resources */ = {isa = PBXBuildFile; fileRef = 2DEE9B3D224BA24800FD8534 /* Main.storyboard */; };
		2DEE9B41224BA24900FD8534 /* Assets.xcassets in Resources */ = {isa = PBXBuildFile; fileRef = 2DEE9B40224BA24900FD8534 /* Assets.xcassets */; };
		2DEE9B44224BA24900FD8534 /* LaunchScreen.storyboard in Resources */ = {isa = PBXBuildFile; fileRef = 2DEE9B42224BA24900FD8534 /* LaunchScreen.storyboard */; };
		2DEE9B49224BA24900FD8534 /* HeartRateTracker WatchKit App.app in Embed Watch Content */ = {isa = PBXBuildFile; fileRef = 2DEE9B48224BA24900FD8534 /* HeartRateTracker WatchKit App.app */; };
		2DEE9B4F224BA24900FD8534 /* Interface.storyboard in Resources */ = {isa = PBXBuildFile; fileRef = 2DEE9B4D224BA24900FD8534 /* Interface.storyboard */; };
		2DEE9B51224BA24900FD8534 /* Assets.xcassets in Resources */ = {isa = PBXBuildFile; fileRef = 2DEE9B50224BA24900FD8534 /* Assets.xcassets */; };
		2DEE9B58224BA24A00FD8534 /* HeartRateTracker WatchKit Extension.appex in Embed App Extensions */ = {isa = PBXBuildFile; fileRef = 2DEE9B57224BA24A00FD8534 /* HeartRateTracker WatchKit Extension.appex */; settings = {ATTRIBUTES = (RemoveHeadersOnCopy, ); }; };
		2DEE9B5D224BA24A00FD8534 /* InterfaceController.swift in Sources */ = {isa = PBXBuildFile; fileRef = 2DEE9B5C224BA24A00FD8534 /* InterfaceController.swift */; };
		2DEE9B5F224BA24A00FD8534 /* ExtensionDelegate.swift in Sources */ = {isa = PBXBuildFile; fileRef = 2DEE9B5E224BA24A00FD8534 /* ExtensionDelegate.swift */; };
		2DEE9B61224BA24A00FD8534 /* Assets.xcassets in Resources */ = {isa = PBXBuildFile; fileRef = 2DEE9B60224BA24A00FD8534 /* Assets.xcassets */; };
		2DEE9B73224BB06500FD8534 /* HistoryViewController.swift in Sources */ = {isa = PBXBuildFile; fileRef = 2DEE9B72224BB06500FD8534 /* HistoryViewController.swift */; };
		2DF5C8ED224BFFE600AD1D42 /* SessionRowController.swift in Sources */ = {isa = PBXBuildFile; fileRef = 2DF5C8EC224BFFE600AD1D42 /* SessionRowController.swift */; };
/* End PBXBuildFile section */

/* Begin PBXContainerItemProxy section */
		2DEE9B4A224BA24900FD8534 /* PBXContainerItemProxy */ = {
			isa = PBXContainerItemProxy;
			containerPortal = 2DEE9B2E224BA24800FD8534 /* Project object */;
			proxyType = 1;
			remoteGlobalIDString = 2DEE9B47224BA24900FD8534;
			remoteInfo = "HeartRateTracker WatchKit App";
		};
		2DEE9B59224BA24A00FD8534 /* PBXContainerItemProxy */ = {
			isa = PBXContainerItemProxy;
			containerPortal = 2DEE9B2E224BA24800FD8534 /* Project object */;
			proxyType = 1;
			remoteGlobalIDString = 2DEE9B56224BA24A00FD8534;
			remoteInfo = "HeartRateTracker WatchKit Extension";
		};
/* End PBXContainerItemProxy section */

/* Begin PBXCopyFilesBuildPhase section */
		2DEE9B68224BA24A00FD8534 /* Embed App Extensions */ = {
			isa = PBXCopyFilesBuildPhase;
			buildActionMask = 2147483647;
			dstPath = "";
			dstSubfolderSpec = 13;
			files = (
				2DEE9B58224BA24A00FD8534 /* HeartRateTracker WatchKit Extension.appex in Embed App Extensions */,
			);
			name = "Embed App Extensions";
			runOnlyForDeploymentPostprocessing = 0;
		};
		2DEE9B6C224BA24A00FD8534 /* Embed Watch Content */ = {
			isa = PBXCopyFilesBuildPhase;
			buildActionMask = 2147483647;
			dstPath = "$(CONTENTS_FOLDER_PATH)/Watch";
			dstSubfolderSpec = 16;
			files = (
				2DEE9B49224BA24900FD8534 /* HeartRateTracker WatchKit App.app in Embed Watch Content */,
			);
			name = "Embed Watch Content";
			runOnlyForDeploymentPostprocessing = 0;
		};
/* End PBXCopyFilesBuildPhase section */

/* Begin PBXFileReference section */
		2DEE9B36224BA24800FD8534 /* HeartRateTracker.app */ = {isa = PBXFileReference; explicitFileType = wrapper.application; includeInIndex = 0; path = HeartRateTracker.app; sourceTree = BUILT_PRODUCTS_DIR; };
		2DEE9B39224BA24800FD8534 /* AppDelegate.swift */ = {isa = PBXFileReference; lastKnownFileType = sourcecode.swift; path = AppDelegate.swift; sourceTree = "<group>"; };
		2DEE9B3B224BA24800FD8534 /* ViewController.swift */ = {isa = PBXFileReference; lastKnownFileType = sourcecode.swift; path = ViewController.swift; sourceTree = "<group>"; };
		2DEE9B3E224BA24800FD8534 /* Base */ = {isa = PBXFileReference; lastKnownFileType = file.storyboard; name = Base; path = Base.lproj/Main.storyboard; sourceTree = "<group>"; };
		2DEE9B40224BA24900FD8534 /* Assets.xcassets */ = {isa = PBXFileReference; lastKnownFileType = folder.assetcatalog; path = Assets.xcassets; sourceTree = "<group>"; };
		2DEE9B43224BA24900FD8534 /* Base */ = {isa = PBXFileReference; lastKnownFileType = file.storyboard; name = Base; path = Base.lproj/LaunchScreen.storyboard; sourceTree = "<group>"; };
		2DEE9B45224BA24900FD8534 /* Info.plist */ = {isa = PBXFileReference; lastKnownFileType = text.plist.xml; path = Info.plist; sourceTree = "<group>"; };
		2DEE9B48224BA24900FD8534 /* HeartRateTracker WatchKit App.app */ = {isa = PBXFileReference; explicitFileType = wrapper.application; includeInIndex = 0; path = "HeartRateTracker WatchKit App.app"; sourceTree = BUILT_PRODUCTS_DIR; };
		2DEE9B4E224BA24900FD8534 /* Base */ = {isa = PBXFileReference; lastKnownFileType = file.storyboard; name = Base; path = Base.lproj/Interface.storyboard; sourceTree = "<group>"; };
		2DEE9B50224BA24900FD8534 /* Assets.xcassets */ = {isa = PBXFileReference; lastKnownFileType = folder.assetcatalog; path = Assets.xcassets; sourceTree = "<group>"; };
		2DEE9B52224BA24900FD8534 /* Info.plist */ = {isa = PBXFileReference; lastKnownFileType = text.plist.xml; path = Info.plist; sourceTree = "<group>"; };
		2DEE9B57224BA24A00FD8534 /* HeartRateTracker WatchKit Extension.appex */ = {isa = PBXFileReference; explicitFileType = "wrapper.app-extension"; includeInIndex = 0; path = "HeartRateTracker WatchKit Extension.appex"; sourceTree = BUILT_PRODUCTS_DIR; };
		2DEE9B5C224BA24A00FD8534 /* InterfaceController.swift */ = {isa = PBXFileReference; lastKnownFileType = sourcecode.swift; path = InterfaceController.swift; sourceTree = "<group>"; };
		2DEE9B5E224BA24A00FD8534 /* ExtensionDelegate.swift */ = {isa = PBXFileReference; lastKnownFileType = sourcecode.swift; path = ExtensionDelegate.swift; sourceTree = "<group>"; };
		2DEE9B60224BA24A00FD8534 /* Assets.xcassets */ = {isa = PBXFileReference; lastKnownFileType = folder.assetcatalog; path = Assets.xcassets; sourceTree = "<group>"; };
		2DEE9B62224BA24A00FD8534 /* Info.plist */ = {isa = PBXFileReference; lastKnownFileType = text.plist.xml; path = Info.plist; sourceTree = "<group>"; };
		2DEE9B72224BB06500FD8534 /* HistoryViewController.swift */ = {isa = PBXFileReference; lastKnownFileType = sourcecode.swift; path = HistoryViewController.swift; sourceTree = "<group>"; };
		2DF5C8EC224BFFE600AD1D42 /* SessionRowController.swift */ = {isa = PBXFileReference; lastKnownFileType = sourcecode.swift; path = SessionRowController.swift; sourceTree = "<group>"; };
/* End PBXFileReference section */

/* Begin PBXFrameworksBuildPhase section */
		2DEE9B33224BA24800FD8534 /* Frameworks */ = {
			isa = PBXFrameworksBuildPhase;
			buildActionMask = 2147483647;
			files = (
			);
			runOnlyForDeploymentPostprocessing = 0;
		};
		2DEE9B54224BA24A00FD8534 /* Frameworks */ = {
			isa = PBXFrameworksBuildPhase;
			buildActionMask = 2147483647;
			files = (
			);
			runOnlyForDeploymentPostprocessing = 0;
		};
/* End PBXFrameworksBuildPhase section */

/* Begin PBXGroup section */
		2DEE9B2D224BA24800FD8534 = {
			isa = PBXGroup;
			children = (
				2DEE9B38224BA24800FD8534 /* HeartRateTracker */,
				2DEE9B4C224BA24900FD8534 /* HeartRateTracker WatchKit App */,
				2DEE9B5B224BA24A00FD8534 /* HeartRateTracker WatchKit Extension */,
				2DEE9B37224BA24800FD8534 /* Products */,
			);
			sourceTree = "<group>";
		};
		2DEE9B37224BA24800FD8534 /* Products */ = {
			isa = PBXGroup;
			children = (
				2DEE9B36224BA24800FD8534 /* HeartRateTracker.app */,
				2DEE9B48224BA24900FD8534 /* HeartRateTracker WatchKit App.app */,
				2DEE9B57224BA24A00FD8534 /* HeartRateTracker WatchKit Extension.appex */,
			);
			name = Products;
			sourceTree = "<group>";
		};
		2DEE9B38224BA24800FD8534 /* HeartRateTracker */ = {
			isa = PBXGroup;
			children = (
				2DEE9B39224BA24800FD8534 /* AppDelegate.swift */,
				2DEE9B3B224BA24800FD8534 /* ViewController.swift */,
				2DEE9B3D224BA24800FD8534 /* Main.storyboard */,
				2DEE9B40224BA24900FD8534 /* Assets.xcassets */,
				2DEE9B42224BA24900FD8534 /* LaunchScreen.storyboard */,
				2DEE9B45224BA24900FD8534 /* Info.plist */,
			);
			path = HeartRateTracker;
			sourceTree = "<group>";
		};
		2DEE9B4C224BA24900FD8534 /* HeartRateTracker WatchKit App */ = {
			isa = PBXGroup;
			children = (
				2DEE9B4D224BA24900FD8534 /* Interface.storyboard */,
				2DEE9B50224BA24900FD8534 /* Assets.xcassets */,
				2DEE9B52224BA24900FD8534 /* Info.plist */,
			);
			path = "HeartRateTracker WatchKit App";
			sourceTree = "<group>";
		};
		2DEE9B5B224BA24A00FD8534 /* HeartRateTracker WatchKit Extension */ = {
			isa = PBXGroup;
			children = (
				2DEE9B5C224BA24A00FD8534 /* InterfaceController.swift */,
				2DEE9B72224BB06500FD8534 /* HistoryViewController.swift */,
				2DF5C8EC224BFFE600AD1D42 /* SessionRowController.swift */,
				2DEE9B5E224BA24A00FD8534 /* ExtensionDelegate.swift */,
				2DEE9B60224BA24A00FD8534 /* Assets.xcassets */,
				2DEE9B62224BA24A00FD8534 /* Info.plist */,
			);
			path = "HeartRateTracker WatchKit Extension";
			sourceTree = "<group>";
		};
/* End PBXGroup section */

/* Begin PBXNativeTarget section */
		2DEE9B35224BA24800FD8534 /* HeartRateTracker */ = {
			isa = PBXNativeTarget;
			buildConfigurationList = 2DEE9B6D224BA24A00FD8534 /* Build configuration list for PBXNativeTarget "HeartRateTracker" */;
			buildPhases = (
				2DEE9B32224BA24800FD8534 /* Sources */,
				2DEE9B33224BA24800FD8534 /* Frameworks */,
				2DEE9B34224BA24800FD8534 /* Resources */,
				2DEE9B6C224BA24A00FD8534 /* Embed Watch Content */,
			);
			buildRules = (
			);
			dependencies = (
				2DEE9B4B224BA24900FD8534 /* PBXTargetDependency */,
			);
			name = HeartRateTracker;
			productName = HeartRateTracker;
			productReference = 2DEE9B36224BA24800FD8534 /* HeartRateTracker.app */;
			productType = "com.apple.product-type.application";
		};
		2DEE9B47224BA24900FD8534 /* HeartRateTracker WatchKit App */ = {
			isa = PBXNativeTarget;
			buildConfigurationList = 2DEE9B69224BA24A00FD8534 /* Build configuration list for PBXNativeTarget "HeartRateTracker WatchKit App" */;
			buildPhases = (
				2DEE9B46224BA24900FD8534 /* Resources */,
				2DEE9B68224BA24A00FD8534 /* Embed App Extensions */,
			);
			buildRules = (
			);
			dependencies = (
				2DEE9B5A224BA24A00FD8534 /* PBXTargetDependency */,
			);
			name = "HeartRateTracker WatchKit App";
			productName = "HeartRateTracker WatchKit App";
			productReference = 2DEE9B48224BA24900FD8534 /* HeartRateTracker WatchKit App.app */;
			productType = "com.apple.product-type.application.watchapp2";
		};
		2DEE9B56224BA24A00FD8534 /* HeartRateTracker WatchKit Extension */ = {
			isa = PBXNativeTarget;
			buildConfigurationList = 2DEE9B65224BA24A00FD8534 /* Build configuration list for PBXNativeTarget "HeartRateTracker WatchKit Extension" */;
			buildPhases = (
				2DEE9B53224BA24A00FD8534 /* Sources */,
				2DEE9B54224BA24A00FD8534 /* Frameworks */,
				2DEE9B55224BA24A00FD8534 /* Resources */,
			);
			buildRules = (
			);
			dependencies = (
			);
			name = "HeartRateTracker WatchKit Extension";
			productName = "HeartRateTracker WatchKit Extension";
			productReference = 2DEE9B57224BA24A00FD8534 /* HeartRateTracker WatchKit Extension.appex */;
			productType = "com.apple.product-type.watchkit2-extension";
		};
/* End PBXNativeTarget section */

/* Begin PBXProject section */
		2DEE9B2E224BA24800FD8534 /* Project object */ = {
			isa = PBXProject;
			attributes = {
				LastSwiftUpdateCheck = 1020;
				LastUpgradeCheck = 1020;
				ORGANIZATIONNAME = "Volodymyr Klymenko";
				TargetAttributes = {
					2DEE9B35224BA24800FD8534 = {
						CreatedOnToolsVersion = 10.2;
					};
					2DEE9B47224BA24900FD8534 = {
						CreatedOnToolsVersion = 10.2;
					};
					2DEE9B56224BA24A00FD8534 = {
						CreatedOnToolsVersion = 10.2;
					};
				};
			};
			buildConfigurationList = 2DEE9B31224BA24800FD8534 /* Build configuration list for PBXProject "HeartRateTracker" */;
			compatibilityVersion = "Xcode 9.3";
			developmentRegion = en;
			hasScannedForEncodings = 0;
			knownRegions = (
				en,
				Base,
			);
			mainGroup = 2DEE9B2D224BA24800FD8534;
			productRefGroup = 2DEE9B37224BA24800FD8534 /* Products */;
			projectDirPath = "";
			projectRoot = "";
			targets = (
				2DEE9B35224BA24800FD8534 /* HeartRateTracker */,
				2DEE9B47224BA24900FD8534 /* HeartRateTracker WatchKit App */,
				2DEE9B56224BA24A00FD8534 /* HeartRateTracker WatchKit Extension */,
			);
		};
/* End PBXProject section */

/* Begin PBXResourcesBuildPhase section */
		2DEE9B34224BA24800FD8534 /* Resources */ = {
			isa = PBXResourcesBuildPhase;
			buildActionMask = 2147483647;
			files = (
				2DEE9B44224BA24900FD8534 /* LaunchScreen.storyboard in Resources */,
				2DEE9B41224BA24900FD8534 /* Assets.xcassets in Resources */,
				2DEE9B3F224BA24800FD8534 /* Main.storyboard in Resources */,
			);
			runOnlyForDeploymentPostprocessing = 0;
		};
		2DEE9B46224BA24900FD8534 /* Resources */ = {
			isa = PBXResourcesBuildPhase;
			buildActionMask = 2147483647;
			files = (
				2DEE9B51224BA24900FD8534 /* Assets.xcassets in Resources */,
				2DEE9B4F224BA24900FD8534 /* Interface.storyboard in Resources */,
			);
			runOnlyForDeploymentPostprocessing = 0;
		};
		2DEE9B55224BA24A00FD8534 /* Resources */ = {
			isa = PBXResourcesBuildPhase;
			buildActionMask = 2147483647;
			files = (
				2DEE9B61224BA24A00FD8534 /* Assets.xcassets in Resources */,
			);
			runOnlyForDeploymentPostprocessing = 0;
		};
/* End PBXResourcesBuildPhase section */

/* Begin PBXSourcesBuildPhase section */
		2DEE9B32224BA24800FD8534 /* Sources */ = {
			isa = PBXSourcesBuildPhase;
			buildActionMask = 2147483647;
			files = (
				2DEE9B3C224BA24800FD8534 /* ViewController.swift in Sources */,
				2DEE9B3A224BA24800FD8534 /* AppDelegate.swift in Sources */,
			);
			runOnlyForDeploymentPostprocessing = 0;
		};
		2DEE9B53224BA24A00FD8534 /* Sources */ = {
			isa = PBXSourcesBuildPhase;
			buildActionMask = 2147483647;
			files = (
				2DEE9B73224BB06500FD8534 /* HistoryViewController.swift in Sources */,
				2DF5C8ED224BFFE600AD1D42 /* SessionRowController.swift in Sources */,
				2DEE9B5F224BA24A00FD8534 /* ExtensionDelegate.swift in Sources */,
				2DEE9B5D224BA24A00FD8534 /* InterfaceController.swift in Sources */,
			);
			runOnlyForDeploymentPostprocessing = 0;
		};
/* End PBXSourcesBuildPhase section */

/* Begin PBXTargetDependency section */
		2DEE9B4B224BA24900FD8534 /* PBXTargetDependency */ = {
			isa = PBXTargetDependency;
			target = 2DEE9B47224BA24900FD8534 /* HeartRateTracker WatchKit App */;
			targetProxy = 2DEE9B4A224BA24900FD8534 /* PBXContainerItemProxy */;
		};
		2DEE9B5A224BA24A00FD8534 /* PBXTargetDependency */ = {
			isa = PBXTargetDependency;
			target = 2DEE9B56224BA24A00FD8534 /* HeartRateTracker WatchKit Extension */;
			targetProxy = 2DEE9B59224BA24A00FD8534 /* PBXContainerItemProxy */;
		};
/* End PBXTargetDependency section */

/* Begin PBXVariantGroup section */
		2DEE9B3D224BA24800FD8534 /* Main.storyboard */ = {
			isa = PBXVariantGroup;
			children = (
				2DEE9B3E224BA24800FD8534 /* Base */,
			);
			name = Main.storyboard;
			sourceTree = "<group>";
		};
		2DEE9B42224BA24900FD8534 /* LaunchScreen.storyboard */ = {
			isa = PBXVariantGroup;
			children = (
				2DEE9B43224BA24900FD8534 /* Base */,
			);
			name = LaunchScreen.storyboard;
			sourceTree = "<group>";
		};
		2DEE9B4D224BA24900FD8534 /* Interface.storyboard */ = {
			isa = PBXVariantGroup;
			children = (
				2DEE9B4E224BA24900FD8534 /* Base */,
			);
			name = Interface.storyboard;
			sourceTree = "<group>";
		};
/* End PBXVariantGroup section */

/* Begin XCBuildConfiguration section */
		2DEE9B63224BA24A00FD8534 /* Debug */ = {
			isa = XCBuildConfiguration;
			buildSettings = {
				ALWAYS_SEARCH_USER_PATHS = NO;
				CLANG_ANALYZER_NONNULL = YES;
				CLANG_ANALYZER_NUMBER_OBJECT_CONVERSION = YES_AGGRESSIVE;
				CLANG_CXX_LANGUAGE_STANDARD = "gnu++14";
				CLANG_CXX_LIBRARY = "libc++";
				CLANG_ENABLE_MODULES = YES;
				CLANG_ENABLE_OBJC_ARC = YES;
				CLANG_ENABLE_OBJC_WEAK = YES;
				CLANG_WARN_BLOCK_CAPTURE_AUTORELEASING = YES;
				CLANG_WARN_BOOL_CONVERSION = YES;
				CLANG_WARN_COMMA = YES;
				CLANG_WARN_CONSTANT_CONVERSION = YES;
				CLANG_WARN_DEPRECATED_OBJC_IMPLEMENTATIONS = YES;
				CLANG_WARN_DIRECT_OBJC_ISA_USAGE = YES_ERROR;
				CLANG_WARN_DOCUMENTATION_COMMENTS = YES;
				CLANG_WARN_EMPTY_BODY = YES;
				CLANG_WARN_ENUM_CONVERSION = YES;
				CLANG_WARN_INFINITE_RECURSION = YES;
				CLANG_WARN_INT_CONVERSION = YES;
				CLANG_WARN_NON_LITERAL_NULL_CONVERSION = YES;
				CLANG_WARN_OBJC_IMPLICIT_RETAIN_SELF = YES;
				CLANG_WARN_OBJC_LITERAL_CONVERSION = YES;
				CLANG_WARN_OBJC_ROOT_CLASS = YES_ERROR;
				CLANG_WARN_RANGE_LOOP_ANALYSIS = YES;
				CLANG_WARN_STRICT_PROTOTYPES = YES;
				CLANG_WARN_SUSPICIOUS_MOVE = YES;
				CLANG_WARN_UNGUARDED_AVAILABILITY = YES_AGGRESSIVE;
				CLANG_WARN_UNREACHABLE_CODE = YES;
				CLANG_WARN__DUPLICATE_METHOD_MATCH = YES;
				CODE_SIGN_IDENTITY = "iPhone Developer";
				COPY_PHASE_STRIP = NO;
				DEBUG_INFORMATION_FORMAT = dwarf;
				ENABLE_STRICT_OBJC_MSGSEND = YES;
				ENABLE_TESTABILITY = YES;
				GCC_C_LANGUAGE_STANDARD = gnu11;
				GCC_DYNAMIC_NO_PIC = NO;
				GCC_NO_COMMON_BLOCKS = YES;
				GCC_OPTIMIZATION_LEVEL = 0;
				GCC_PREPROCESSOR_DEFINITIONS = (
					"DEBUG=1",
					"$(inherited)",
				);
				GCC_WARN_64_TO_32_BIT_CONVERSION = YES;
				GCC_WARN_ABOUT_RETURN_TYPE = YES_ERROR;
				GCC_WARN_UNDECLARED_SELECTOR = YES;
				GCC_WARN_UNINITIALIZED_AUTOS = YES_AGGRESSIVE;
				GCC_WARN_UNUSED_FUNCTION = YES;
				GCC_WARN_UNUSED_VARIABLE = YES;
				IPHONEOS_DEPLOYMENT_TARGET = 12.2;
				MTL_ENABLE_DEBUG_INFO = INCLUDE_SOURCE;
				MTL_FAST_MATH = YES;
				ONLY_ACTIVE_ARCH = YES;
				SDKROOT = iphoneos;
				SWIFT_ACTIVE_COMPILATION_CONDITIONS = DEBUG;
				SWIFT_OPTIMIZATION_LEVEL = "-Onone";
			};
			name = Debug;
		};
		2DEE9B64224BA24A00FD8534 /* Release */ = {
			isa = XCBuildConfiguration;
			buildSettings = {
				ALWAYS_SEARCH_USER_PATHS = NO;
				CLANG_ANALYZER_NONNULL = YES;
				CLANG_ANALYZER_NUMBER_OBJECT_CONVERSION = YES_AGGRESSIVE;
				CLANG_CXX_LANGUAGE_STANDARD = "gnu++14";
				CLANG_CXX_LIBRARY = "libc++";
				CLANG_ENABLE_MODULES = YES;
				CLANG_ENABLE_OBJC_ARC = YES;
				CLANG_ENABLE_OBJC_WEAK = YES;
				CLANG_WARN_BLOCK_CAPTURE_AUTORELEASING = YES;
				CLANG_WARN_BOOL_CONVERSION = YES;
				CLANG_WARN_COMMA = YES;
				CLANG_WARN_CONSTANT_CONVERSION = YES;
				CLANG_WARN_DEPRECATED_OBJC_IMPLEMENTATIONS = YES;
				CLANG_WARN_DIRECT_OBJC_ISA_USAGE = YES_ERROR;
				CLANG_WARN_DOCUMENTATION_COMMENTS = YES;
				CLANG_WARN_EMPTY_BODY = YES;
				CLANG_WARN_ENUM_CONVERSION = YES;
				CLANG_WARN_INFINITE_RECURSION = YES;
				CLANG_WARN_INT_CONVERSION = YES;
				CLANG_WARN_NON_LITERAL_NULL_CONVERSION = YES;
				CLANG_WARN_OBJC_IMPLICIT_RETAIN_SELF = YES;
				CLANG_WARN_OBJC_LITERAL_CONVERSION = YES;
				CLANG_WARN_OBJC_ROOT_CLASS = YES_ERROR;
				CLANG_WARN_RANGE_LOOP_ANALYSIS = YES;
				CLANG_WARN_STRICT_PROTOTYPES = YES;
				CLANG_WARN_SUSPICIOUS_MOVE = YES;
				CLANG_WARN_UNGUARDED_AVAILABILITY = YES_AGGRESSIVE;
				CLANG_WARN_UNREACHABLE_CODE = YES;
				CLANG_WARN__DUPLICATE_METHOD_MATCH = YES;
				CODE_SIGN_IDENTITY = "iPhone Developer";
				COPY_PHASE_STRIP = NO;
				DEBUG_INFORMATION_FORMAT = "dwarf-with-dsym";
				ENABLE_NS_ASSERTIONS = NO;
				ENABLE_STRICT_OBJC_MSGSEND = YES;
				GCC_C_LANGUAGE_STANDARD = gnu11;
				GCC_NO_COMMON_BLOCKS = YES;
				GCC_WARN_64_TO_32_BIT_CONVERSION = YES;
				GCC_WARN_ABOUT_RETURN_TYPE = YES_ERROR;
				GCC_WARN_UNDECLARED_SELECTOR = YES;
				GCC_WARN_UNINITIALIZED_AUTOS = YES_AGGRESSIVE;
				GCC_WARN_UNUSED_FUNCTION = YES;
				GCC_WARN_UNUSED_VARIABLE = YES;
				IPHONEOS_DEPLOYMENT_TARGET = 12.2;
				MTL_ENABLE_DEBUG_INFO = NO;
				MTL_FAST_MATH = YES;
				SDKROOT = iphoneos;
				SWIFT_COMPILATION_MODE = wholemodule;
				SWIFT_OPTIMIZATION_LEVEL = "-O";
				VALIDATE_PRODUCT = YES;
			};
			name = Release;
		};
		2DEE9B66224BA24A00FD8534 /* Debug */ = {
			isa = XCBuildConfiguration;
			buildSettings = {
				ASSETCATALOG_COMPILER_COMPLICATION_NAME = Complication;
				CODE_SIGN_STYLE = Automatic;
				DEVELOPMENT_TEAM = J82C364K42;
				INFOPLIST_FILE = "HeartRateTracker WatchKit Extension/Info.plist";
				LD_RUNPATH_SEARCH_PATHS = (
					"$(inherited)",
					"@executable_path/Frameworks",
					"@executable_path/../../Frameworks",
				);
				PRODUCT_BUNDLE_IDENTIFIER = com.volodymyrklymenko.HeartRateTracker.watchkitapp.watchkitextension;
				PRODUCT_NAME = "${TARGET_NAME}";
				SDKROOT = watchos;
				SKIP_INSTALL = YES;
				SWIFT_VERSION = 5.0;
				TARGETED_DEVICE_FAMILY = 4;
				WATCHOS_DEPLOYMENT_TARGET = 5.2;
			};
			name = Debug;
		};
		2DEE9B67224BA24A00FD8534 /* Release */ = {
			isa = XCBuildConfiguration;
			buildSettings = {
				ASSETCATALOG_COMPILER_COMPLICATION_NAME = Complication;
				CODE_SIGN_STYLE = Automatic;
				DEVELOPMENT_TEAM = J82C364K42;
				INFOPLIST_FILE = "HeartRateTracker WatchKit Extension/Info.plist";
				LD_RUNPATH_SEARCH_PATHS = (
					"$(inherited)",
					"@executable_path/Frameworks",
					"@executable_path/../../Frameworks",
				);
				PRODUCT_BUNDLE_IDENTIFIER = com.volodymyrklymenko.HeartRateTracker.watchkitapp.watchkitextension;
				PRODUCT_NAME = "${TARGET_NAME}";
				SDKROOT = watchos;
				SKIP_INSTALL = YES;
				SWIFT_VERSION = 5.0;
				TARGETED_DEVICE_FAMILY = 4;
				WATCHOS_DEPLOYMENT_TARGET = 5.2;
			};
			name = Release;
		};
		2DEE9B6A224BA24A00FD8534 /* Debug */ = {
			isa = XCBuildConfiguration;
			buildSettings = {
				ALWAYS_EMBED_SWIFT_STANDARD_LIBRARIES = YES;
				ASSETCATALOG_COMPILER_APPICON_NAME = AppIcon;
				CODE_SIGN_STYLE = Automatic;
				DEVELOPMENT_TEAM = J82C364K42;
				IBSC_MODULE = HeartRateTracker_WatchKit_Extension;
				INFOPLIST_FILE = "HeartRateTracker WatchKit App/Info.plist";
				PRODUCT_BUNDLE_IDENTIFIER = com.volodymyrklymenko.HeartRateTracker.watchkitapp;
				PRODUCT_NAME = "$(TARGET_NAME)";
				SDKROOT = watchos;
				SKIP_INSTALL = YES;
				SWIFT_VERSION = 5.0;
				TARGETED_DEVICE_FAMILY = 4;
				WATCHOS_DEPLOYMENT_TARGET = 5.2;
			};
			name = Debug;
		};
		2DEE9B6B224BA24A00FD8534 /* Release */ = {
			isa = XCBuildConfiguration;
			buildSettings = {
				ALWAYS_EMBED_SWIFT_STANDARD_LIBRARIES = YES;
				ASSETCATALOG_COMPILER_APPICON_NAME = AppIcon;
				CODE_SIGN_STYLE = Automatic;
				DEVELOPMENT_TEAM = J82C364K42;
				IBSC_MODULE = HeartRateTracker_WatchKit_Extension;
				INFOPLIST_FILE = "HeartRateTracker WatchKit App/Info.plist";
				PRODUCT_BUNDLE_IDENTIFIER = com.volodymyrklymenko.HeartRateTracker.watchkitapp;
				PRODUCT_NAME = "$(TARGET_NAME)";
				SDKROOT = watchos;
				SKIP_INSTALL = YES;
				SWIFT_VERSION = 5.0;
				TARGETED_DEVICE_FAMILY = 4;
				WATCHOS_DEPLOYMENT_TARGET = 5.2;
			};
			name = Release;
		};
		2DEE9B6E224BA24A00FD8534 /* Debug */ = {
			isa = XCBuildConfiguration;
			buildSettings = {
				ASSETCATALOG_COMPILER_APPICON_NAME = AppIcon;
				CODE_SIGN_STYLE = Automatic;
				DEVELOPMENT_TEAM = J82C364K42;
				INFOPLIST_FILE = HeartRateTracker/Info.plist;
				LD_RUNPATH_SEARCH_PATHS = (
					"$(inherited)",
					"@executable_path/Frameworks",
				);
				PRODUCT_BUNDLE_IDENTIFIER = com.volodymyrklymenko.HeartRateTracker;
				PRODUCT_NAME = "$(TARGET_NAME)";
				SWIFT_VERSION = 5.0;
				TARGETED_DEVICE_FAMILY = "1,2";
			};
			name = Debug;
		};
		2DEE9B6F224BA24A00FD8534 /* Release */ = {
			isa = XCBuildConfiguration;
			buildSettings = {
				ASSETCATALOG_COMPILER_APPICON_NAME = AppIcon;
				CODE_SIGN_STYLE = Automatic;
				DEVELOPMENT_TEAM = J82C364K42;
				INFOPLIST_FILE = HeartRateTracker/Info.plist;
				LD_RUNPATH_SEARCH_PATHS = (
					"$(inherited)",
					"@executable_path/Frameworks",
				);
				PRODUCT_BUNDLE_IDENTIFIER = com.volodymyrklymenko.HeartRateTracker;
				PRODUCT_NAME = "$(TARGET_NAME)";
				SWIFT_VERSION = 5.0;
				TARGETED_DEVICE_FAMILY = "1,2";
			};
			name = Release;
		};
/* End XCBuildConfiguration section */

/* Begin XCConfigurationList section */
		2DEE9B31224BA24800FD8534 /* Build configuration list for PBXProject "HeartRateTracker" */ = {
			isa = XCConfigurationList;
			buildConfigurations = (
				2DEE9B63224BA24A00FD8534 /* Debug */,
				2DEE9B64224BA24A00FD8534 /* Release */,
			);
			defaultConfigurationIsVisible = 0;
			defaultConfigurationName = Release;
		};
		2DEE9B65224BA24A00FD8534 /* Build configuration list for PBXNativeTarget "HeartRateTracker WatchKit Extension" */ = {
			isa = XCConfigurationList;
			buildConfigurations = (
				2DEE9B66224BA24A00FD8534 /* Debug */,
				2DEE9B67224BA24A00FD8534 /* Release */,
			);
			defaultConfigurationIsVisible = 0;
			defaultConfigurationName = Release;
		};
		2DEE9B69224BA24A00FD8534 /* Build configuration list for PBXNativeTarget "HeartRateTracker WatchKit App" */ = {
			isa = XCConfigurationList;
			buildConfigurations = (
				2DEE9B6A224BA24A00FD8534 /* Debug */,
				2DEE9B6B224BA24A00FD8534 /* Release */,
			);
			defaultConfigurationIsVisible = 0;
			defaultConfigurationName = Release;
		};
		2DEE9B6D224BA24A00FD8534 /* Build configuration list for PBXNativeTarget "HeartRateTracker" */ = {
			isa = XCConfigurationList;
			buildConfigurations = (
				2DEE9B6E224BA24A00FD8534 /* Debug */,
				2DEE9B6F224BA24A00FD8534 /* Release */,
			);
			defaultConfigurationIsVisible = 0;
			defaultConfigurationName = Release;
		};
/* End XCConfigurationList section */
	};
	rootObject = 2DEE9B2E224BA24800FD8534 /* Project object */;
}
